
Microsoft Visual Studio Solution File, Format Version 12.00
# Visual Studio 14
VisualStudioVersion = 14.0.25420.1
MinimumVisualStudioVersion = 10.0.40219.1
Project("{F184B08F-C81C-45F6-A57F-5ABD9991F28F}") = "jPitchford1b1", "jPitchford1b1\jPitchford1b1.vbproj", "{89B1704A-0FA1-412D-8868-6B918211C856}"
EndProject
Project("{F184B08F-C81C-45F6-A57F-5ABD9991F28F}") = "jPitchford1c1", "jPitchford1c1\jPitchford1c1.vbproj", "{EBB891F9-3458-48D5-BEE6-8EBF93656B13}"
EndProject
Project("{F184B08F-C81C-45F6-A57F-5ABD9991F28F}") = "jpitchford1d1", "jpitchford1d1\jpitchford1d1.vbproj", "{7691698E-10E6-4345-BDAA-97C98B4DAACE}"
EndProject
Project("{F184B08F-C81C-45F6-A57F-5ABD9991F28F}") = "jpitchford1e1", "jpitchford1e1\jpitchford1e1.vbproj", "{6561F37D-DF96-41A1-B742-827B6202DC59}"
EndProject
Project("{F184B08F-C81C-45F6-A57F-5ABD9991F28F}") = "jPitchford2b1", "WindowsApplication1\jPitchford2b1.vbproj", "{614888CE-B7E4-421D-B4C6-4B3911467134}"
EndProject
Project("{F184B08F-C81C-45F6-A57F-5ABD9991F28F}") = "Jpitchford1g1", "Jpitchford1g1\Jpitchford1g1.vbproj", "{B2758C9C-CCD9-4C0E-B143-C72442C683A3}"
EndProject
Project("{F184B08F-C81C-45F6-A57F-5ABD9991F28F}") = "jpitchford1h1", "jpitchford1h1\jpitchford1h1.vbproj", "{26184FC6-650C-4D34-BBD9-15811C10FDAF}"
EndProject
Project("{F184B08F-C81C-45F6-A57F-5ABD9991F28F}") = "Jpitchford2a1", "Jpitchford2a1\Jpitchford2a1.vbproj", "{B659EADA-F7F8-4204-B06E-D5AFC48D5079}"
EndProject
Project("{F184B08F-C81C-45F6-A57F-5ABD9991F28F}") = "jPitchford2c1", "jPitchford2c1\jPitchford2c1.vbproj", "{680584B8-C891-43AE-8943-28AF066E7CFD}"
EndProject
Global
	GlobalSection(SolutionConfigurationPlatforms) = preSolution
		Debug|Any CPU = Debug|Any CPU
		Release|Any CPU = Release|Any CPU
	EndGlobalSection
	GlobalSection(ProjectConfigurationPlatforms) = postSolution
		{89B1704A-0FA1-412D-8868-6B918211C856}.Debug|Any CPU.ActiveCfg = Debug|Any CPU
		{89B1704A-0FA1-412D-8868-6B918211C856}.Debug|Any CPU.Build.0 = Debug|Any CPU
		{89B1704A-0FA1-412D-8868-6B918211C856}.Release|Any CPU.ActiveCfg = Release|Any CPU
		{89B1704A-0FA1-412D-8868-6B918211C856}.Release|Any CPU.Build.0 = Release|Any CPU
		{EBB891F9-3458-48D5-BEE6-8EBF93656B13}.Debug|Any CPU.ActiveCfg = Debug|Any CPU
		{EBB891F9-3458-48D5-BEE6-8EBF93656B13}.Debug|Any CPU.Build.0 = Debug|Any CPU
		{EBB891F9-3458-48D5-BEE6-8EBF93656B13}.Release|Any CPU.ActiveCfg = Release|Any CPU
		{EBB891F9-3458-48D5-BEE6-8EBF93656B13}.Release|Any CPU.Build.0 = Release|Any CPU
		{7691698E-10E6-4345-BDAA-97C98B4DAACE}.Debug|Any CPU.ActiveCfg = Debug|Any CPU
		{7691698E-10E6-4345-BDAA-97C98B4DAACE}.Debug|Any CPU.Build.0 = Debug|Any CPU
		{7691698E-10E6-4345-BDAA-97C98B4DAACE}.Release|Any CPU.ActiveCfg = Release|Any CPU
		{7691698E-10E6-4345-BDAA-97C98B4DAACE}.Release|Any CPU.Build.0 = Release|Any CPU
		{6561F37D-DF96-41A1-B742-827B6202DC59}.Debug|Any CPU.ActiveCfg = Debug|Any CPU
		{6561F37D-DF96-41A1-B742-827B6202DC59}.Debug|Any CPU.Build.0 = Debug|Any CPU
		{6561F37D-DF96-41A1-B742-827B6202DC59}.Release|Any CPU.ActiveCfg = Release|Any CPU
		{6561F37D-DF96-41A1-B742-827B6202DC59}.Release|Any CPU.Build.0 = Release|Any CPU
		{614888CE-B7E4-421D-B4C6-4B3911467134}.Debug|Any CPU.ActiveCfg = Debug|Any CPU
		{614888CE-B7E4-421D-B4C6-4B3911467134}.Debug|Any CPU.Build.0 = Debug|Any CPU
		{614888CE-B7E4-421D-B4C6-4B3911467134}.Release|Any CPU.ActiveCfg = Release|Any CPU
		{614888CE-B7E4-421D-B4C6-4B3911467134}.Release|Any CPU.Build.0 = Release|Any CPU
		{B2758C9C-CCD9-4C0E-B143-C72442C683A3}.Debug|Any CPU.ActiveCfg = Debug|Any CPU
		{B2758C9C-CCD9-4C0E-B143-C72442C683A3}.Debug|Any CPU.Build.0 = Debug|Any CPU
		{B2758C9C-CCD9-4C0E-B143-C72442C683A3}.Release|Any CPU.ActiveCfg = Release|Any CPU
		{B2758C9C-CCD9-4C0E-B143-C72442C683A3}.Release|Any CPU.Build.0 = Release|Any CPU
		{26184FC6-650C-4D34-BBD9-15811C10FDAF}.Debug|Any CPU.ActiveCfg = Debug|Any CPU
		{26184FC6-650C-4D34-BBD9-15811C10FDAF}.Debug|Any CPU.Build.0 = Debug|Any CPU
		{26184FC6-650C-4D34-BBD9-15811C10FDAF}.Release|Any CPU.ActiveCfg = Release|Any CPU
		{26184FC6-650C-4D34-BBD9-15811C10FDAF}.Release|Any CPU.Build.0 = Release|Any CPU
		{B659EADA-F7F8-4204-B06E-D5AFC48D5079}.Debug|Any CPU.ActiveCfg = Debug|Any CPU
		{B659EADA-F7F8-4204-B06E-D5AFC48D5079}.Debug|Any CPU.Build.0 = Debug|Any CPU
		{B659EADA-F7F8-4204-B06E-D5AFC48D5079}.Release|Any CPU.ActiveCfg = Release|Any CPU
		{B659EADA-F7F8-4204-B06E-D5AFC48D5079}.Release|Any CPU.Build.0 = Release|Any CPU
		{680584B8-C891-43AE-8943-28AF066E7CFD}.Debug|Any CPU.ActiveCfg = Debug|Any CPU
		{680584B8-C891-43AE-8943-28AF066E7CFD}.Debug|Any CPU.Build.0 = Debug|Any CPU
		{680584B8-C891-43AE-8943-28AF066E7CFD}.Release|Any CPU.ActiveCfg = Release|Any CPU
		{680584B8-C891-43AE-8943-28AF066E7CFD}.Release|Any CPU.Build.0 = Release|Any CPU
	EndGlobalSection
	GlobalSection(SolutionProperties) = preSolution
		HideSolutionNode = FALSE
	EndGlobalSection
EndGlobal
